
Microsoft Visual Studio Solution File, Format Version 12.00
# Visual Studio Version 17
VisualStudioVersion = 17.9.34607.119
MinimumVisualStudioVersion = 10.0.40219.1
Project("{9A19103F-16F7-4668-BE54-9A1E7A4F7556}") = "ComtradeHandler.Core", "ComtradeHandler.Core\ComtradeHandler.Core.csproj", "{4E158935-54DB-46CC-AF10-864A6C04F6A3}"
EndProject
Project("{9A19103F-16F7-4668-BE54-9A1E7A4F7556}") = "ComtradeHandler.UnitTests", "ComtradeHandler.UnitTests\ComtradeHandler.UnitTests.csproj", "{9B43EFDD-8674-4639-8BE2-D4E872CE6EDB}"
EndProject
Project("{FAE04EC0-301F-11D3-BF4B-00C04F79EFBC}") = "ComtradeHandler.Wpf.App", "ComtradeHandler.Wpf.App\ComtradeHandler.Wpf.App.csproj", "{E517321E-3F9E-48AF-AA9E-0B3B94C0F3E2}"
EndProject
Project("{2150E333-8FDC-42A3-9474-1A3956D46DE8}") = "Solution Items", "Solution Items", "{16D30B54-AD0E-4DF5-A5C9-7A19247C9718}"
	ProjectSection(SolutionItems) = preProject
		.editorconfig = .editorconfig
		.gitignore = .gitignore
		LICENSE = LICENSE
		README.md = README.md
	EndProjectSection
EndProject
Global
	GlobalSection(SolutionConfigurationPlatforms) = preSolution
		Debug|Any CPU = Debug|Any CPU
		Release|Any CPU = Release|Any CPU
	EndGlobalSection
	GlobalSection(ProjectConfigurationPlatforms) = postSolution
		{4E158935-54DB-46CC-AF10-864A6C04F6A3}.Debug|Any CPU.ActiveCfg = Debug|Any CPU
		{4E158935-54DB-46CC-AF10-864A6C04F6A3}.Debug|Any CPU.Build.0 = Debug|Any CPU
		{4E158935-54DB-46CC-AF10-864A6C04F6A3}.Release|Any CPU.ActiveCfg = Release|Any CPU
		{4E158935-54DB-46CC-AF10-864A6C04F6A3}.Release|Any CPU.Build.0 = Release|Any CPU
		{9B43EFDD-8674-4639-8BE2-D4E872CE6EDB}.Debug|Any CPU.ActiveCfg = Debug|Any CPU
		{9B43EFDD-8674-4639-8BE2-D4E872CE6EDB}.Debug|Any CPU.Build.0 = Debug|Any CPU
		{9B43EFDD-8674-4639-8BE2-D4E872CE6EDB}.Release|Any CPU.ActiveCfg = Release|Any CPU
		{9B43EFDD-8674-4639-8BE2-D4E872CE6EDB}.Release|Any CPU.Build.0 = Release|Any CPU
		{E517321E-3F9E-48AF-AA9E-0B3B94C0F3E2}.Debug|Any CPU.ActiveCfg = Debug|Any CPU
		{E517321E-3F9E-48AF-AA9E-0B3B94C0F3E2}.Debug|Any CPU.Build.0 = Debug|Any CPU
		{E517321E-3F9E-48AF-AA9E-0B3B94C0F3E2}.Release|Any CPU.ActiveCfg = Release|Any CPU
		{E517321E-3F9E-48AF-AA9E-0B3B94C0F3E2}.Release|Any CPU.Build.0 = Release|Any CPU
	EndGlobalSection
	GlobalSection(SolutionProperties) = preSolution
		HideSolutionNode = FALSE
	EndGlobalSection
	GlobalSection(ExtensibilityGlobals) = postSolution
		SolutionGuid = {B2633062-59A3-4080-9EF0-ABE2A3AA02E9}
	EndGlobalSection
EndGlobal
