
Microsoft Visual Studio Solution File, Format Version 12.00
# Visual Studio Version 16
VisualStudioVersion = 16.0.30413.136
MinimumVisualStudioVersion = 10.0.40219.1
Project("{FAE04EC0-301F-11D3-BF4B-00C04F79EFBC}") = "Comtrade.Core", "ComtradeHandler.Core\Comtrade.Core.csproj", "{4E158935-54DB-46CC-AF10-864A6C04F6A3}"
EndProject
Project("{FAE04EC0-301F-11D3-BF4B-00C04F79EFBC}") = "Comtrade.UnitTests", "ComtradeHandler.UnitTests\Comtrade.UnitTests.csproj", "{9B43EFDD-8674-4639-8BE2-D4E872CE6EDB}"
EndProject
Global
	GlobalSection(SolutionConfigurationPlatforms) = preSolution
		Debug|Any CPU = Debug|Any CPU
		Release|Any CPU = Release|Any CPU
	EndGlobalSection
	GlobalSection(ProjectConfigurationPlatforms) = postSolution
		{4E158935-54DB-46CC-AF10-864A6C04F6A3}.Debug|Any CPU.ActiveCfg = Debug|Any CPU
		{4E158935-54DB-46CC-AF10-864A6C04F6A3}.Debug|Any CPU.Build.0 = Debug|Any CPU
		{4E158935-54DB-46CC-AF10-864A6C04F6A3}.Release|Any CPU.ActiveCfg = Release|Any CPU
		{4E158935-54DB-46CC-AF10-864A6C04F6A3}.Release|Any CPU.Build.0 = Release|Any CPU
		{9B43EFDD-8674-4639-8BE2-D4E872CE6EDB}.Debug|Any CPU.ActiveCfg = Debug|Any CPU
		{9B43EFDD-8674-4639-8BE2-D4E872CE6EDB}.Debug|Any CPU.Build.0 = Debug|Any CPU
		{9B43EFDD-8674-4639-8BE2-D4E872CE6EDB}.Release|Any CPU.ActiveCfg = Release|Any CPU
		{9B43EFDD-8674-4639-8BE2-D4E872CE6EDB}.Release|Any CPU.Build.0 = Release|Any CPU
	EndGlobalSection
	GlobalSection(SolutionProperties) = preSolution
		HideSolutionNode = FALSE
	EndGlobalSection
	GlobalSection(ExtensibilityGlobals) = postSolution
		SolutionGuid = {B2633062-59A3-4080-9EF0-ABE2A3AA02E9}
	EndGlobalSection
EndGlobal
